{
	"name": "ft_transcendance",
	"lockfileVersion": 3,
	"requires": true,
	"packages": {
	  "": {
		"dependencies": {
		  "@chatscope/chat-ui-kit-react": "^1.10.1",
		  "@chatscope/chat-ui-kit-styles": "^1.4.0"
		}
	  },
	  "node_modules/@chatscope/chat-ui-kit-react": {
		"version": "1.10.1",
		"resolved": "https://registry.npmjs.org/@chatscope/chat-ui-kit-react/-/chat-ui-kit-react-1.10.1.tgz",
		"integrity": "sha512-pJIxvM9zR2oPk601P/S3Du1lZZSQcv76+8/IUhhWo88oy1iqiw2yk71T3nzE0sr8kRfZ8FoSSxOjVx9j7amjow==",
		"dependencies": {
		  "@chatscope/chat-ui-kit-styles": "^1.2.0",
		  "@fortawesome/fontawesome-free": "^5.12.1",
		  "@fortawesome/fontawesome-svg-core": "^1.2.26",
		  "@fortawesome/free-solid-svg-icons": "^5.12.0",
		  "@fortawesome/react-fontawesome": "^0.1.8",
		  "classnames": "^2.2.6",
		  "prop-types": "^15.7.2"
		},
		"peerDependencies": {
		  "prop-types": "^15.7.2",
		  "react": "^16.12.0 || ^17.0.0 || ^18.2.0",
		  "react-dom": "^16.12.0 || ^17.0.0 || ^18.2.0"
		}
	  },
	  "node_modules/@chatscope/chat-ui-kit-styles": {
		"version": "1.4.0",
		"resolved": "https://registry.npmjs.org/@chatscope/chat-ui-kit-styles/-/chat-ui-kit-styles-1.4.0.tgz",
		"integrity": "sha512-016mBJD3DESw7Nh+lkKcPd22xG92ghA0VpIXIbjQtmXhC7Ve6wRazTy8z1Ahut+Tbv179+JxrftuMngsj/yV8Q=="
	  },
	  "node_modules/@fortawesome/fontawesome-common-types": {
		"version": "0.2.36",
		"resolved": "https://registry.npmjs.org/@fortawesome/fontawesome-common-types/-/fontawesome-common-types-0.2.36.tgz",
		"integrity": "sha512-a/7BiSgobHAgBWeN7N0w+lAhInrGxksn13uK7231n2m8EDPE3BMCl9NZLTGrj9ZXfCmC6LM0QLqXidIizVQ6yg==",
		"hasInstallScript": true,
		"engines": {
		  "node": ">=6"
		}
	  },
	  "node_modules/@fortawesome/fontawesome-free": {
		"version": "5.15.4",
		"resolved": "https://registry.npmjs.org/@fortawesome/fontawesome-free/-/fontawesome-free-5.15.4.tgz",
		"integrity": "sha512-eYm8vijH/hpzr/6/1CJ/V/Eb1xQFW2nnUKArb3z+yUWv7HTwj6M7SP957oMjfZjAHU6qpoNc2wQvIxBLWYa/Jg==",
		"hasInstallScript": true,
		"engines": {
		  "node": ">=6"
		}
	  },
	  "node_modules/@fortawesome/fontawesome-svg-core": {
		"version": "1.2.36",
		"resolved": "https://registry.npmjs.org/@fortawesome/fontawesome-svg-core/-/fontawesome-svg-core-1.2.36.tgz",
		"integrity": "sha512-YUcsLQKYb6DmaJjIHdDWpBIGCcyE/W+p/LMGvjQem55Mm2XWVAP5kWTMKWLv9lwpCVjpLxPyOMOyUocP1GxrtA==",
		"hasInstallScript": true,
		"dependencies": {
		  "@fortawesome/fontawesome-common-types": "^0.2.36"
		},
		"engines": {
		  "node": ">=6"
		}
	  },
	  "node_modules/@fortawesome/free-solid-svg-icons": {
		"version": "5.15.4",
		"resolved": "https://registry.npmjs.org/@fortawesome/free-solid-svg-icons/-/free-solid-svg-icons-5.15.4.tgz",
		"integrity": "sha512-JLmQfz6tdtwxoihXLg6lT78BorrFyCf59SAwBM6qV/0zXyVeDygJVb3fk+j5Qat+Yvcxp1buLTY5iDh1ZSAQ8w==",
		"hasInstallScript": true,
		"dependencies": {
		  "@fortawesome/fontawesome-common-types": "^0.2.36"
		},
		"engines": {
		  "node": ">=6"
		}
	  },
	  "node_modules/@fortawesome/react-fontawesome": {
		"version": "0.1.19",
		"resolved": "https://registry.npmjs.org/@fortawesome/react-fontawesome/-/react-fontawesome-0.1.19.tgz",
		"integrity": "sha512-Hyb+lB8T18cvLNX0S3llz7PcSOAJMLwiVKBuuzwM/nI5uoBw+gQjnf9il0fR1C3DKOI5Kc79pkJ4/xB0Uw9aFQ==",
		"dependencies": {
		  "prop-types": "^15.8.1"
		},
		"peerDependencies": {
		  "@fortawesome/fontawesome-svg-core": "~1 || ~6",
		  "react": ">=16.x"
		}
	  },
	  "node_modules/classnames": {
		"version": "2.3.2",
		"resolved": "https://registry.npmjs.org/classnames/-/classnames-2.3.2.tgz",
		"integrity": "sha512-CSbhY4cFEJRe6/GQzIk5qXZ4Jeg5pcsP7b5peFSDpffpe1cqjASH/n9UTjBwOp6XpMSTwQ8Za2K5V02ueA7Tmw=="
	  },
	  "node_modules/js-tokens": {
		"version": "4.0.0",
		"resolved": "https://registry.npmjs.org/js-tokens/-/js-tokens-4.0.0.tgz",
		"integrity": "sha512-RdJUflcE3cUzKiMqQgsCu06FPu9UdIJO0beYbPhHN4k6apgJtifcoCtT9bcxOpYBtpD2kCM6Sbzg4CausW/PKQ=="
	  },
	  "node_modules/loose-envify": {
		"version": "1.4.0",
		"resolved": "https://registry.npmjs.org/loose-envify/-/loose-envify-1.4.0.tgz",
		"integrity": "sha512-lyuxPGr/Wfhrlem2CL/UcnUc1zcqKAImBDzukY7Y5F/yQiNdko6+fRLevlw1HgMySw7f611UIY408EtxRSoK3Q==",
		"dependencies": {
		  "js-tokens": "^3.0.0 || ^4.0.0"
		},
		"bin": {
		  "loose-envify": "cli.js"
		}
	  },
	  "node_modules/object-assign": {
		"version": "4.1.1",
		"resolved": "https://registry.npmjs.org/object-assign/-/object-assign-4.1.1.tgz",
		"integrity": "sha512-rJgTQnkUnH1sFw8yT6VSU3zD3sWmu6sZhIseY8VX+GRu3P6F7Fu+JNDoXfklElbLJSnc3FUQHVe4cU5hj+BcUg==",
		"engines": {
		  "node": ">=0.10.0"
		}
	  },
	  "node_modules/prop-types": {
		"version": "15.8.1",
		"resolved": "https://registry.npmjs.org/prop-types/-/prop-types-15.8.1.tgz",
		"integrity": "sha512-oj87CgZICdulUohogVAR7AjlC0327U4el4L6eAvOqCeudMDVU0NThNaV+b9Df4dXgSP1gXMTnPdhfe/2qDH5cg==",
		"dependencies": {
		  "loose-envify": "^1.4.0",
		  "object-assign": "^4.1.1",
		  "react-is": "^16.13.1"
		}
	  },
	  "node_modules/react": {
		"version": "18.2.0",
		"resolved": "https://registry.npmjs.org/react/-/react-18.2.0.tgz",
		"integrity": "sha512-/3IjMdb2L9QbBdWiW5e3P2/npwMBaU9mHCSCUzNln0ZCYbcfTsGbTJrU/kGemdH2IWmB2ioZ+zkxtmq6g09fGQ==",
		"peer": true,
		"dependencies": {
		  "loose-envify": "^1.1.0"
		},
		"engines": {
		  "node": ">=0.10.0"
		}
	  },
	  "node_modules/react-dom": {
		"version": "18.2.0",
		"resolved": "https://registry.npmjs.org/react-dom/-/react-dom-18.2.0.tgz",
		"integrity": "sha512-6IMTriUmvsjHUjNtEDudZfuDQUoWXVxKHhlEGSk81n4YFS+r/Kl99wXiwlVXtPBtJenozv2P+hxDsw9eA7Xo6g==",
		"peer": true,
		"dependencies": {
		  "loose-envify": "^1.1.0",
		  "scheduler": "^0.23.0"
		},
		"peerDependencies": {
		  "react": "^18.2.0"
		}
	  },
	  "node_modules/react-is": {
		"version": "16.13.1",
		"resolved": "https://registry.npmjs.org/react-is/-/react-is-16.13.1.tgz",
		"integrity": "sha512-24e6ynE2H+OKt4kqsOvNd8kBpV65zoxbA4BVsEOB3ARVWQki/DHzaUoC5KuON/BiccDaCCTZBuOcfZs70kR8bQ=="
	  },
	  "node_modules/scheduler": {
		"version": "0.23.0",
		"resolved": "https://registry.npmjs.org/scheduler/-/scheduler-0.23.0.tgz",
		"integrity": "sha512-CtuThmgHNg7zIZWAXi3AsyIzA3n4xx7aNyjwC2VJldO2LMVDhFK+63xGqq6CsJH4rTAt6/M+N4GhZiDYPx9eUw==",
		"peer": true,
		"dependencies": {
		  "loose-envify": "^1.1.0"
		}
	  }
	}
  }